Microsoft Visual Studio Solution File, Format Version 12.00
# Visual Studio Version 17
VisualStudioVersion = 17.5.2.0
MinimumVisualStudioVersion = 10.0.40219.1
Project("{FAE04EC0-301F-11D3-BF4B-00C04F79EFBC}") = "ftm", "ftm.csproj", "{43C95A06-2CE7-D90F-966F-BDAEBDD13A76}"
EndProject
Global
	GlobalSection(SolutionConfigurationPlatforms) = preSolution
		Debug|Any CPU = Debug|Any CPU
		Release|Any CPU = Release|Any CPU
	EndGlobalSection
	GlobalSection(ProjectConfigurationPlatforms) = postSolution
		{43C95A06-2CE7-D90F-966F-BDAEBDD13A76}.Debug|Any CPU.ActiveCfg = Debug|Any CPU
		{43C95A06-2CE7-D90F-966F-BDAEBDD13A76}.Debug|Any CPU.Build.0 = Debug|Any CPU
		{43C95A06-2CE7-D90F-966F-BDAEBDD13A76}.Release|Any CPU.ActiveCfg = Release|Any CPU
		{43C95A06-2CE7-D90F-966F-BDAEBDD13A76}.Release|Any CPU.Build.0 = Release|Any CPU
	EndGlobalSection
	GlobalSection(SolutionProperties) = preSolution
		HideSolutionNode = FALSE
	EndGlobalSection
	GlobalSection(ExtensibilityGlobals) = postSolution
		SolutionGuid = {38213D90-CCFD-4273-8D0F-6258915E50AD}
	EndGlobalSection
EndGlobal
